<?xml version="1.0" encoding="utf-8"?>
<Project ToolsVersion="4.0" xmlns="http://schemas.microsoft.com/developer/msbuild/2003">
  <ItemGroup>
    <Filter Include="Systems">
      <UniqueIdentifier>{08760f01-61ac-45ca-94e1-0b845d9da832}</UniqueIdentifier>
    </Filter>
    <Filter Include="Systems\Factory">
      <UniqueIdentifier>{b8accbd8-67ba-420b-bcde-a22b0fb5ccc6}</UniqueIdentifier>
    </Filter>
    <Filter Include="Systems\Graphics">
      <UniqueIdentifier>{a423eb3e-4140-4145-900e-91d2ec404ace}</UniqueIdentifier>
    </Filter>
    <Filter Include="Systems\Input">
      <UniqueIdentifier>{60e62b73-4808-4342-9a45-45a926440efd}</UniqueIdentifier>
    </Filter>
    <Filter Include="Systems\Audio">
      <UniqueIdentifier>{35c227d4-aec5-483d-ae48-d79bec38224b}</UniqueIdentifier>
    </Filter>
    <Filter Include="Systems\Physics">
      <UniqueIdentifier>{5f33167f-847d-4348-953c-e591e088d376}</UniqueIdentifier>
    </Filter>
    <Filter Include="Systems\Window">
      <UniqueIdentifier>{1967fe8b-8350-4593-89bf-96d865f3d1f7}</UniqueIdentifier>
    </Filter>
    <Filter Include="Entities">
      <UniqueIdentifier>{2f68dbda-443a-47de-9e7d-29bab54e479f}</UniqueIdentifier>
    </Filter>
    <Filter Include="Systems\Events">
      <UniqueIdentifier>{9179f947-b374-45f8-9e1c-8a9ea8df9c26}</UniqueIdentifier>
    </Filter>
    <Filter Include="Systems\Networking">
      <UniqueIdentifier>{d4548bfb-9dc6-46b4-905e-ec0c4f7898c6}</UniqueIdentifier>
    </Filter>
    <Filter Include="Entities\Components">
      <UniqueIdentifier>{240068b6-ece5-43c8-b094-c504ee54790a}</UniqueIdentifier>
    </Filter>
    <Filter Include="Entities\Routine">
      <UniqueIdentifier>{78a4ba38-6495-4076-81b6-ca125db99757}</UniqueIdentifier>
    </Filter>
    <Filter Include="Systems\Graphics\GraphicsUtilities">
      <UniqueIdentifier>{fad3d3df-fd8c-4ae8-bbba-230c2509f2bc}</UniqueIdentifier>
    </Filter>
    <Filter Include="Systems\Graphics\GraphicsUtilities\OpenGL">
      <UniqueIdentifier>{f93f3a7c-1e50-44da-98ca-a3b417ae087c}</UniqueIdentifier>
    </Filter>
    <Filter Include="Systems\DataManager">
      <UniqueIdentifier>{a6710462-743c-4b5c-9a24-4434c95d5b0d}</UniqueIdentifier>
    </Filter>
    <Filter Include="Systems\JobManager">
      <UniqueIdentifier>{32cf8499-f553-4a15-8726-9f72f601931a}</UniqueIdentifier>
    </Filter>
    <Filter Include="Systems\Debugger">
      <UniqueIdentifier>{a4fd14af-dad3-44b7-a36a-a52b090fe9ac}</UniqueIdentifier>
    </Filter>
    <Filter Include="Systems\Logger">
      <UniqueIdentifier>{56b18756-e4ed-4397-bf1f-7b01b8d0ea5c}</UniqueIdentifier>
    </Filter>
    <Filter Include="Scenes">
      <UniqueIdentifier>{06d436d9-21d0-4f8b-9ea0-ab542fdff349}</UniqueIdentifier>
    </Filter>
    <Filter Include="Components">
      <UniqueIdentifier>{ab4d0c41-db31-4dae-8e2b-da4368d372ba}</UniqueIdentifier>
    </Filter>
    <Filter Include="Systems\Graphics\Gfx_Classes">
      <UniqueIdentifier>{344c36f9-e855-4867-aeb9-09635bebfca8}</UniqueIdentifier>
    </Filter>
    <Filter Include="Systems\Graphics\ShaderProgram">
      <UniqueIdentifier>{0ba32418-e052-4dd4-9f2b-e657284bca12}</UniqueIdentifier>
    </Filter>
    <Filter Include="Systems\Graphics\Mesh">
      <UniqueIdentifier>{d6d45997-01f6-4486-8c03-73a2b16b0dea}</UniqueIdentifier>
    </Filter>
    <Filter Include="Entities\Components\Extended">
      <UniqueIdentifier>{ab871d17-ed0d-41d1-b6a2-606557d312d6}</UniqueIdentifier>
    </Filter>
    <Filter Include="Entities\Components\Camera">
      <UniqueIdentifier>{31d6fc8c-f727-486d-ba30-a6f81c261510}</UniqueIdentifier>
    </Filter>
    <Filter Include="Systems\ResourceManager">
      <UniqueIdentifier>{9cea2562-1f97-420a-aa12-076dc81cec6e}</UniqueIdentifier>
    </Filter>
    <Filter Include="QwerkE_Headers">
      <UniqueIdentifier>{d04c7991-9141-4e3f-bc15-cf58fbecba5c}</UniqueIdentifier>
    </Filter>
    <Filter Include="Systems\Renderer">
      <UniqueIdentifier>{43839002-bf90-4069-9c07-79a379cd82ce}</UniqueIdentifier>
    </Filter>
  </ItemGroup>
  <ItemGroup>
    <ClCompile Include="$(MSBuildThisFileDirectory)Systems\Input\AssignGLFWKeys.cpp">
      <Filter>Systems\Input</Filter>
    </ClCompile>
    <ClCompile Include="$(MSBuildThisFileDirectory)Systems\Input\AssignWin32Keys.cpp">
      <Filter>Systems\Input</Filter>
    </ClCompile>
    <ClCompile Include="$(MSBuildThisFileDirectory)Systems\Input\Controller.cpp">
      <Filter>Systems\Input</Filter>
    </ClCompile>
    <ClCompile Include="$(MSBuildThisFileDirectory)Systems\Input\InputManager.cpp">
      <Filter>Systems\Input</Filter>
    </ClCompile>
    <ClCompile Include="$(MSBuildThisFileDirectory)Systems\Graphics\FontRendering\FontTest.cpp">
      <Filter>Systems\Graphics</Filter>
    </ClCompile>
    <ClCompile Include="$(MSBuildThisFileDirectory)Systems\Graphics\OpenGLManager.cpp">
      <Filter>Systems\Graphics</Filter>
    </ClCompile>
    <ClCompile Include="$(MSBuildThisFileDirectory)Systems\Factory\Cameras.cpp">
      <Filter>Systems\Factory</Filter>
    </ClCompile>
    <ClCompile Include="$(MSBuildThisFileDirectory)Systems\Factory\Characters.cpp">
      <Filter>Systems\Factory</Filter>
    </ClCompile>
    <ClCompile Include="$(MSBuildThisFileDirectory)Systems\Factory\Factory.cpp">
      <Filter>Systems\Factory</Filter>
    </ClCompile>
    <ClCompile Include="$(MSBuildThisFileDirectory)Systems\Factory\LevelLoader.cpp">
      <Filter>Systems\Factory</Filter>
    </ClCompile>
    <ClCompile Include="$(MSBuildThisFileDirectory)Systems\Factory\Lights.cpp">
      <Filter>Systems\Factory</Filter>
    </ClCompile>
    <ClCompile Include="$(MSBuildThisFileDirectory)Systems\Factory\Shapes.cpp">
      <Filter>Systems\Factory</Filter>
    </ClCompile>
    <ClCompile Include="$(MSBuildThisFileDirectory)Systems\Factory\Testing.cpp">
      <Filter>Systems\Factory</Filter>
    </ClCompile>
    <ClCompile Include="$(MSBuildThisFileDirectory)Systems\ServiceLocator.cpp">
      <Filter>Systems</Filter>
    </ClCompile>
    <ClCompile Include="$(MSBuildThisFileDirectory)Systems\Events\Event.cpp">
      <Filter>Systems\Events</Filter>
    </ClCompile>
    <ClCompile Include="$(MSBuildThisFileDirectory)Systems\Events\EventManager.cpp">
      <Filter>Systems\Events</Filter>
    </ClCompile>
    <ClCompile Include="$(MSBuildThisFileDirectory)Systems\Events\InputEvent.cpp">
      <Filter>Systems\Events</Filter>
    </ClCompile>
    <ClCompile Include="$(MSBuildThisFileDirectory)Systems\Audio\AudioManager.cpp">
      <Filter>Systems\Audio</Filter>
    </ClCompile>
    <ClCompile Include="$(MSBuildThisFileDirectory)Systems\Window\Window.cpp">
      <Filter>Systems\Window</Filter>
    </ClCompile>
    <ClCompile Include="$(MSBuildThisFileDirectory)Systems\Window\WindowManager.cpp">
      <Filter>Systems\Window</Filter>
    </ClCompile>
    <ClCompile Include="$(MSBuildThisFileDirectory)Systems\Physics\PhysicsManager.cpp">
      <Filter>Systems\Physics</Filter>
    </ClCompile>
    <ClCompile Include="$(MSBuildThisFileDirectory)Systems\Physics\PhysicsWorld.cpp">
      <Filter>Systems\Physics</Filter>
    </ClCompile>
    <ClCompile Include="$(MSBuildThisFileDirectory)Systems\Networking\NetworkManager.cpp">
      <Filter>Systems\Networking</Filter>
    </ClCompile>
    <ClCompile Include="$(MSBuildThisFileDirectory)Systems\Window\glfw_Window.cpp">
      <Filter>Systems\Window</Filter>
    </ClCompile>
    <ClCompile Include="$(MSBuildThisFileDirectory)Systems\MessageManager.cpp">
      <Filter>Systems</Filter>
    </ClCompile>
    <ClCompile Include="$(MSBuildThisFileDirectory)Entities\GameObject.cpp">
      <Filter>Entities</Filter>
    </ClCompile>
    <ClCompile Include="$(MSBuildThisFileDirectory)Entities\Routines\RenderRoutineUtilities.cpp">
      <Filter>Entities\Routine</Filter>
    </ClCompile>
    <ClCompile Include="$(MSBuildThisFileDirectory)Entities\Routines\Routine.cpp">
      <Filter>Entities\Routine</Filter>
    </ClCompile>
    <ClCompile Include="$(MSBuildThisFileDirectory)Entities\Routines\RenderRoutine.cpp">
      <Filter>Entities\Routine</Filter>
    </ClCompile>
    <ClCompile Include="$(MSBuildThisFileDirectory)Entities\Components\LightComponent.cpp">
      <Filter>Entities\Components</Filter>
    </ClCompile>
    <ClCompile Include="$(MSBuildThisFileDirectory)Entities\Components\Component.cpp">
      <Filter>Entities\Components</Filter>
    </ClCompile>
    <ClCompile Include="$(MSBuildThisFileDirectory)CallBackFunctions.cpp" />
    <ClCompile Include="$(MSBuildThisFileDirectory)Framework.cpp" />
    <ClCompile Include="$(MSBuildThisFileDirectory)Entities\Components\PhysicsComponent.cpp">
      <Filter>Entities\Components</Filter>
    </ClCompile>
    <ClCompile Include="$(MSBuildThisFileDirectory)Systems\Graphics\GraphicsUtilities\OpenGL\OpenGLHelpers.cpp">
      <Filter>Systems\Graphics\GraphicsUtilities\OpenGL</Filter>
    </ClCompile>
    <ClCompile Include="$(MSBuildThisFileDirectory)Systems\Graphics\GraphicsUtilities\GraphicsHelpers.cpp">
      <Filter>Systems\Graphics\GraphicsUtilities</Filter>
    </ClCompile>
    <ClCompile Include="$(MSBuildThisFileDirectory)Systems\DataManager\DataManager.cpp">
      <Filter>Systems\DataManager</Filter>
    </ClCompile>
    <ClCompile Include="$(MSBuildThisFileDirectory)Systems\JobManager\JobManager.cpp">
      <Filter>Systems\JobManager</Filter>
    </ClCompile>
    <ClCompile Include="$(MSBuildThisFileDirectory)Systems\Debugger\Debugger.cpp">
      <Filter>Systems\Debugger</Filter>
    </ClCompile>
    <ClCompile Include="$(MSBuildThisFileDirectory)Systems\Logger\Logger.cpp">
      <Filter>Systems\Logger</Filter>
    </ClCompile>
    <ClCompile Include="$(MSBuildThisFileDirectory)Scenes\Scene.cpp">
      <Filter>Scenes</Filter>
    </ClCompile>
    <ClCompile Include="$(MSBuildThisFileDirectory)Scenes\TestScene.cpp">
      <Filter>Scenes</Filter>
    </ClCompile>
    <ClCompile Include="$(MSBuildThisFileDirectory)Components\Time.cpp">
      <Filter>Components</Filter>
    </ClCompile>
    <ClCompile Include="$(MSBuildThisFileDirectory)Components\Math.cpp">
      <Filter>Components</Filter>
    </ClCompile>
    <ClCompile Include="$(MSBuildThisFileDirectory)Systems\Graphics\Mesh\MeshUtilities.cpp">
      <Filter>Systems\Graphics\Mesh</Filter>
    </ClCompile>
    <ClCompile Include="$(MSBuildThisFileDirectory)Systems\Graphics\Mesh\Mesh.cpp">
      <Filter>Systems\Graphics\Mesh</Filter>
    </ClCompile>
    <ClCompile Include="$(MSBuildThisFileDirectory)Systems\Graphics\Mesh\MeshFactory.cpp">
      <Filter>Systems\Graphics\Mesh</Filter>
    </ClCompile>
    <ClCompile Include="$(MSBuildThisFileDirectory)Systems\Graphics\ShaderProgram\Basic2DShader.cpp">
      <Filter>Systems\Graphics\ShaderProgram</Filter>
    </ClCompile>
    <ClCompile Include="$(MSBuildThisFileDirectory)Systems\Graphics\ShaderProgram\Basic3DShader.cpp">
      <Filter>Systems\Graphics\ShaderProgram</Filter>
    </ClCompile>
    <ClCompile Include="$(MSBuildThisFileDirectory)Systems\Graphics\ShaderProgram\LitMaterial.cpp">
      <Filter>Systems\Graphics\ShaderProgram</Filter>
    </ClCompile>
    <ClCompile Include="$(MSBuildThisFileDirectory)Systems\Graphics\ShaderProgram\ShaderFactory.cpp">
      <Filter>Systems\Graphics\ShaderProgram</Filter>
    </ClCompile>
    <ClCompile Include="$(MSBuildThisFileDirectory)Systems\Graphics\ShaderProgram\ShaderProgram.cpp">
      <Filter>Systems\Graphics\ShaderProgram</Filter>
    </ClCompile>
    <ClCompile Include="$(MSBuildThisFileDirectory)Systems\SceneManager.cpp">
      <Filter>Systems</Filter>
    </ClCompile>
    <ClCompile Include="$(MSBuildThisFileDirectory)Scenes\ViewerScene.cpp">
      <Filter>Scenes</Filter>
    </ClCompile>
    <ClCompile Include="$(MSBuildThisFileDirectory)Entities\Components\Bullet3Component.cpp">
      <Filter>Entities\Components</Filter>
    </ClCompile>
    <ClCompile Include="$(MSBuildThisFileDirectory)Entities\Components\AudioComponent.cpp">
      <Filter>Entities\Components</Filter>
    </ClCompile>
    <ClCompile Include="$(MSBuildThisFileDirectory)Entities\Components\Camera\CameraComponent.cpp">
      <Filter>Entities\Components\Camera</Filter>
    </ClCompile>
    <ClCompile Include="$(MSBuildThisFileDirectory)Entities\Components\Camera\FirstPersonCameraComponent.cpp">
      <Filter>Entities\Components\Camera</Filter>
    </ClCompile>
    <ClCompile Include="$(MSBuildThisFileDirectory)Entities\Components\Camera\FreeCameraComponent.cpp">
      <Filter>Entities\Components\Camera</Filter>
    </ClCompile>
    <ClCompile Include="$(MSBuildThisFileDirectory)Entities\Components\Camera\StaticCameraComponent.cpp">
      <Filter>Entities\Components\Camera</Filter>
    </ClCompile>
    <ClCompile Include="$(MSBuildThisFileDirectory)Entities\Components\Camera\ThirdPersonCameraComponent.cpp">
      <Filter>Entities\Components\Camera</Filter>
    </ClCompile>
    <ClCompile Include="$(MSBuildThisFileDirectory)Entities\Components\Extended\OpenAL_Component.cpp">
      <Filter>Entities\Components\Extended</Filter>
    </ClCompile>
    <ClCompile Include="$(MSBuildThisFileDirectory)Systems\ResourceManager\MasterAssetList.cpp">
      <Filter>Systems\ResourceManager</Filter>
    </ClCompile>
    <ClCompile Include="$(MSBuildThisFileDirectory)Systems\ResourceManager\ResourceManager.cpp">
      <Filter>Systems\ResourceManager</Filter>
    </ClCompile>
    <ClCompile Include="$(MSBuildThisFileDirectory)Systems\ResourceManager\Asset.cpp">
      <Filter>Systems\ResourceManager</Filter>
    </ClCompile>
    <ClCompile Include="$(MSBuildThisFileDirectory)Systems\ResourceManager\Texture_Asset.cpp">
      <Filter>Systems\ResourceManager</Filter>
    </ClCompile>
    <ClCompile Include="$(MSBuildThisFileDirectory)Systems\ResourceManager\Asset_Tag.cpp">
      <Filter>Systems\ResourceManager</Filter>
    </ClCompile>
    <ClCompile Include="$(MSBuildThisFileDirectory)Systems\Graphics\ShaderProgram\ShaderComponent .cpp">
      <Filter>Systems\Graphics\ShaderProgram</Filter>
    </ClCompile>
    <ClCompile Include="$(MSBuildThisFileDirectory)Systems\Renderer\Renderer.cpp">
      <Filter>Systems\Renderer</Filter>
    </ClCompile>
    <ClCompile Include="$(MSBuildThisFileDirectory)Entities\Components\RenderComponent.cpp">
      <Filter>Entities\Components</Filter>
    </ClCompile>
  </ItemGroup>
  <ItemGroup>
    <ClInclude Include="$(MSBuildThisFileDirectory)Systems\Input\Controller.h">
      <Filter>Systems\Input</Filter>
    </ClInclude>
    <ClInclude Include="$(MSBuildThisFileDirectory)Systems\Input\Input.h">
      <Filter>Systems\Input</Filter>
    </ClInclude>
    <ClInclude Include="$(MSBuildThisFileDirectory)Systems\Input\InputManager.h">
      <Filter>Systems\Input</Filter>
    </ClInclude>
    <ClInclude Include="$(MSBuildThisFileDirectory)Systems\Input\QwerKE_eKeys.h">
      <Filter>Systems\Input</Filter>
    </ClInclude>
    <ClInclude Include="$(MSBuildThisFileDirectory)Systems\Graphics\FontRendering\FontTest.h">
      <Filter>Systems\Graphics</Filter>
    </ClInclude>
    <ClInclude Include="$(MSBuildThisFileDirectory)Systems\Graphics\OpenGLManager.h">
      <Filter>Systems\Graphics</Filter>
    </ClInclude>
    <ClInclude Include="$(MSBuildThisFileDirectory)Systems\Factory\Factory.h">
      <Filter>Systems\Factory</Filter>
    </ClInclude>
    <ClInclude Include="$(MSBuildThisFileDirectory)Systems\Factory\LevelLoader.h">
      <Filter>Systems\Factory</Filter>
    </ClInclude>
    <ClInclude Include="$(MSBuildThisFileDirectory)Systems\ServiceLocator.h">
      <Filter>Systems</Filter>
    </ClInclude>
    <ClInclude Include="$(MSBuildThisFileDirectory)Systems\Events\Event.h">
      <Filter>Systems\Events</Filter>
    </ClInclude>
    <ClInclude Include="$(MSBuildThisFileDirectory)Systems\Events\EventManager.h">
      <Filter>Systems\Events</Filter>
    </ClInclude>
    <ClInclude Include="$(MSBuildThisFileDirectory)Systems\Events\InputEvent.h">
      <Filter>Systems\Events</Filter>
    </ClInclude>
    <ClInclude Include="$(MSBuildThisFileDirectory)Systems\Audio\AudioManager.h">
      <Filter>Systems\Audio</Filter>
    </ClInclude>
    <ClInclude Include="$(MSBuildThisFileDirectory)Systems\Window\Window.h">
      <Filter>Systems\Window</Filter>
    </ClInclude>
    <ClInclude Include="$(MSBuildThisFileDirectory)Systems\Window\WindowManager.h">
      <Filter>Systems\Window</Filter>
    </ClInclude>
    <ClInclude Include="$(MSBuildThisFileDirectory)Systems\Physics\PhysicsManager.h">
      <Filter>Systems\Physics</Filter>
    </ClInclude>
    <ClInclude Include="$(MSBuildThisFileDirectory)Systems\Physics\PhysicsWorld.h">
      <Filter>Systems\Physics</Filter>
    </ClInclude>
    <ClInclude Include="$(MSBuildThisFileDirectory)Systems\Networking\NetworkManager.h">
      <Filter>Systems\Networking</Filter>
    </ClInclude>
    <ClInclude Include="$(MSBuildThisFileDirectory)Systems\Window\glfw_Window.h">
      <Filter>Systems\Window</Filter>
    </ClInclude>
    <ClInclude Include="$(MSBuildThisFileDirectory)Systems\MessageManager.h">
      <Filter>Systems</Filter>
    </ClInclude>
    <ClInclude Include="$(MSBuildThisFileDirectory)Entities\GameObject.h">
      <Filter>Entities</Filter>
    </ClInclude>
    <ClInclude Include="$(MSBuildThisFileDirectory)Entities\Routines\Routine.h">
      <Filter>Entities\Routine</Filter>
    </ClInclude>
    <ClInclude Include="$(MSBuildThisFileDirectory)Entities\Routines\RenderRoutine.h">
      <Filter>Entities\Routine</Filter>
    </ClInclude>
    <ClInclude Include="$(MSBuildThisFileDirectory)Entities\Components\LightComponent.h">
      <Filter>Entities\Components</Filter>
    </ClInclude>
    <ClInclude Include="$(MSBuildThisFileDirectory)Entities\Components\Component.h">
      <Filter>Entities\Components</Filter>
    </ClInclude>
    <ClInclude Include="$(MSBuildThisFileDirectory)CallbackFunctions.h" />
    <ClInclude Include="$(MSBuildThisFileDirectory)Framework.h" />
    <ClInclude Include="$(MSBuildThisFileDirectory)Entities\Components\PhysicsComponent.h">
      <Filter>Entities\Components</Filter>
    </ClInclude>
    <ClInclude Include="$(MSBuildThisFileDirectory)Systems\Graphics\GraphicsUtilities\OpenGL\OpenGLHelpers.h">
      <Filter>Systems\Graphics\GraphicsUtilities\OpenGL</Filter>
    </ClInclude>
    <ClInclude Include="$(MSBuildThisFileDirectory)Systems\Graphics\GraphicsUtilities\GraphicsHelpers.h">
      <Filter>Systems\Graphics\GraphicsUtilities</Filter>
    </ClInclude>
    <ClInclude Include="$(MSBuildThisFileDirectory)Systems\DataManager\DataManager.h">
      <Filter>Systems\DataManager</Filter>
    </ClInclude>
    <ClInclude Include="$(MSBuildThisFileDirectory)Systems\JobManager\JobManager.h">
      <Filter>Systems\JobManager</Filter>
    </ClInclude>
    <ClInclude Include="$(MSBuildThisFileDirectory)Systems\Debugger\Debugger.h">
      <Filter>Systems\Debugger</Filter>
    </ClInclude>
    <ClInclude Include="$(MSBuildThisFileDirectory)Systems\Logger\Logger.h">
      <Filter>Systems\Logger</Filter>
    </ClInclude>
    <ClInclude Include="$(MSBuildThisFileDirectory)Scenes\Scene.h">
      <Filter>Scenes</Filter>
    </ClInclude>
    <ClInclude Include="$(MSBuildThisFileDirectory)Scenes\TestScene.h">
      <Filter>Scenes</Filter>
    </ClInclude>
    <ClInclude Include="$(MSBuildThisFileDirectory)Components\Time.h">
      <Filter>Components</Filter>
    </ClInclude>
    <ClInclude Include="$(MSBuildThisFileDirectory)Components\Math.h">
      <Filter>Components</Filter>
    </ClInclude>
    <ClInclude Include="$(MSBuildThisFileDirectory)Systems\Graphics\Graphics_Header.h">
      <Filter>Systems\Graphics</Filter>
    </ClInclude>
    <ClInclude Include="$(MSBuildThisFileDirectory)Systems\Graphics\Gfx_Classes\CubeMap.h">
      <Filter>Systems\Graphics\Gfx_Classes</Filter>
    </ClInclude>
    <ClInclude Include="$(MSBuildThisFileDirectory)Systems\Graphics\Gfx_Classes\FrameBufferObject.h">
      <Filter>Systems\Graphics\Gfx_Classes</Filter>
    </ClInclude>
    <ClInclude Include="$(MSBuildThisFileDirectory)Systems\Graphics\Gfx_Classes\LightData.h">
      <Filter>Systems\Graphics\Gfx_Classes</Filter>
    </ClInclude>
    <ClInclude Include="$(MSBuildThisFileDirectory)Systems\Graphics\Gfx_Classes\MaterialData.h">
      <Filter>Systems\Graphics\Gfx_Classes</Filter>
    </ClInclude>
    <ClInclude Include="$(MSBuildThisFileDirectory)Systems\Graphics\Mesh\MeshUtilities.h">
      <Filter>Systems\Graphics\Mesh</Filter>
    </ClInclude>
    <ClInclude Include="$(MSBuildThisFileDirectory)Systems\Graphics\Mesh\VertexData.h">
      <Filter>Systems\Graphics\Mesh</Filter>
    </ClInclude>
    <ClInclude Include="$(MSBuildThisFileDirectory)Systems\Graphics\Mesh\Mesh.h">
      <Filter>Systems\Graphics\Mesh</Filter>
    </ClInclude>
    <ClInclude Include="$(MSBuildThisFileDirectory)Systems\Graphics\Mesh\MeshFactory.h">
      <Filter>Systems\Graphics\Mesh</Filter>
    </ClInclude>
    <ClInclude Include="$(MSBuildThisFileDirectory)Systems\Graphics\ShaderProgram\ShaderFactory.h">
      <Filter>Systems\Graphics\ShaderProgram</Filter>
    </ClInclude>
    <ClInclude Include="$(MSBuildThisFileDirectory)Systems\Graphics\ShaderProgram\ShaderProgram.h">
      <Filter>Systems\Graphics\ShaderProgram</Filter>
    </ClInclude>
    <ClInclude Include="$(MSBuildThisFileDirectory)Systems\Graphics\ShaderProgram\Dynamic_ShaderProgram.h">
      <Filter>Systems\Graphics\ShaderProgram</Filter>
    </ClInclude>
    <ClInclude Include="$(MSBuildThisFileDirectory)Systems\Graphics\Gfx_Classes\Texture.h">
      <Filter>Systems\Graphics\Gfx_Classes</Filter>
    </ClInclude>
    <ClInclude Include="$(MSBuildThisFileDirectory)Systems\SceneManager.h">
      <Filter>Systems</Filter>
    </ClInclude>
    <ClInclude Include="$(MSBuildThisFileDirectory)Scenes\ViewerScene.h">
      <Filter>Scenes</Filter>
    </ClInclude>
    <ClInclude Include="$(MSBuildThisFileDirectory)Entities\Components\Bullet3Component.h">
      <Filter>Entities\Components</Filter>
    </ClInclude>
    <ClInclude Include="$(MSBuildThisFileDirectory)Entities\Components\AudioComponent.h">
      <Filter>Entities\Components</Filter>
    </ClInclude>
    <ClInclude Include="$(MSBuildThisFileDirectory)Entities\Components\Camera\CameraComponent.h">
      <Filter>Entities\Components\Camera</Filter>
    </ClInclude>
    <ClInclude Include="$(MSBuildThisFileDirectory)Entities\Components\Camera\FirstPersonCameraComponent.h">
      <Filter>Entities\Components\Camera</Filter>
    </ClInclude>
    <ClInclude Include="$(MSBuildThisFileDirectory)Entities\Components\Camera\FreeCameraComponent.h">
      <Filter>Entities\Components\Camera</Filter>
    </ClInclude>
    <ClInclude Include="$(MSBuildThisFileDirectory)Entities\Components\Camera\StaticCameraComponent.h">
      <Filter>Entities\Components\Camera</Filter>
    </ClInclude>
    <ClInclude Include="$(MSBuildThisFileDirectory)Entities\Components\Camera\ThirdPersonCameraComponent.h">
      <Filter>Entities\Components\Camera</Filter>
    </ClInclude>
    <ClInclude Include="$(MSBuildThisFileDirectory)Entities\Components\Extended\OpenAL_Component.h">
      <Filter>Entities\Components\Extended</Filter>
    </ClInclude>
    <ClInclude Include="$(MSBuildThisFileDirectory)Systems\ResourceManager\ResourceManager.h">
      <Filter>Systems\ResourceManager</Filter>
    </ClInclude>
    <ClInclude Include="$(MSBuildThisFileDirectory)Systems\ResourceManager\Asset.h">
      <Filter>Systems\ResourceManager</Filter>
    </ClInclude>
    <ClInclude Include="$(MSBuildThisFileDirectory)Systems\ResourceManager\Texture_Asset.h">
      <Filter>Systems\ResourceManager</Filter>
    </ClInclude>
    <ClInclude Include="$(MSBuildThisFileDirectory)Systems\ResourceManager\Asset_Tag.h">
      <Filter>Systems\ResourceManager</Filter>
    </ClInclude>
    <ClInclude Include="$(MSBuildThisFileDirectory)Systems\Graphics\ShaderProgram\ShaderComponent.h">
      <Filter>Systems\Graphics\ShaderProgram</Filter>
    </ClInclude>
    <ClInclude Include="$(MSBuildThisFileDirectory)Systems\Graphics\Gfx_Classes\Renderable.h">
      <Filter>Systems\Graphics\Gfx_Classes</Filter>
    </ClInclude>
    <ClInclude Include="$(MSBuildThisFileDirectory)QwerkE_Platform.h">
      <Filter>QwerkE_Headers</Filter>
    </ClInclude>
    <ClInclude Include="$(MSBuildThisFileDirectory)..\QwerkE.h">
      <Filter>QwerkE_Headers</Filter>
    </ClInclude>
    <ClInclude Include="$(MSBuildThisFileDirectory)QwerkE_Defines.h">
      <Filter>QwerkE_Headers</Filter>
    </ClInclude>
    <ClInclude Include="$(MSBuildThisFileDirectory)QwerkE_Directory_Defines.h">
      <Filter>QwerkE_Headers</Filter>
    </ClInclude>
    <ClInclude Include="$(MSBuildThisFileDirectory)QwerkE_Enums.h">
      <Filter>QwerkE_Headers</Filter>
    </ClInclude>
    <ClInclude Include="$(MSBuildThisFileDirectory)QwerkE_Include.h">
      <Filter>QwerkE_Headers</Filter>
    </ClInclude>
    <ClInclude Include="$(MSBuildThisFileDirectory)QwerkE_Global_Constants.h">
      <Filter>QwerkE_Headers</Filter>
    </ClInclude>
    <ClInclude Include="$(MSBuildThisFileDirectory)Systems\Renderer\Renderer.h">
      <Filter>Systems\Renderer</Filter>
    </ClInclude>
    <ClInclude Include="$(MSBuildThisFileDirectory)Entities\Components\RenderComponent.h">
      <Filter>Entities\Components</Filter>
    </ClInclude>
    <ClInclude Include="$(MSBuildThisFileDirectory)Systems\Graphics\Gfx_Classes\ShaderProgramData.h">
      <Filter>Systems\Graphics\Gfx_Classes</Filter>
    </ClInclude>
  </ItemGroup>
</Project>